// !$*UTF8*$!
{
	archiveVersion = 1;
	classes = {
	};
	objectVersion = 46;
	objects = {

/* Begin PBXBuildFile section */
		3E6678D51A776E700057DB4E /* AppDelegate.swift in Sources */ = {isa = PBXBuildFile; fileRef = 3E6678D41A776E700057DB4E /* AppDelegate.swift */; };
		3E6678D71A776E700057DB4E /* ViewController.swift in Sources */ = {isa = PBXBuildFile; fileRef = 3E6678D61A776E700057DB4E /* ViewController.swift */; };
		3E6678DA1A776E700057DB4E /* Main.storyboard in Resources */ = {isa = PBXBuildFile; fileRef = 3E6678D81A776E700057DB4E /* Main.storyboard */; };
		3E6678DC1A776E700057DB4E /* Images.xcassets in Resources */ = {isa = PBXBuildFile; fileRef = 3E6678DB1A776E700057DB4E /* Images.xcassets */; };
		3E6678DF1A776E700057DB4E /* LaunchScreen.xib in Resources */ = {isa = PBXBuildFile; fileRef = 3E6678DD1A776E700057DB4E /* LaunchScreen.xib */; };
		3E6678EB1A776E700057DB4E /* BombGameTests.swift in Sources */ = {isa = PBXBuildFile; fileRef = 3E6678EA1A776E700057DB4E /* BombGameTests.swift */; };
		3E6678FE1A776EA00057DB4E /* BaseViewController.swift in Sources */ = {isa = PBXBuildFile; fileRef = 3E6678F41A776EA00057DB4E /* BaseViewController.swift */; };
		3E6678FF1A776EA00057DB4E /* BombViewController.swift in Sources */ = {isa = PBXBuildFile; fileRef = 3E6678F51A776EA00057DB4E /* BombViewController.swift */; };
		3E6679001A776EA00057DB4E /* CSwiftConst.swift in Sources */ = {isa = PBXBuildFile; fileRef = 3E6678F61A776EA00057DB4E /* CSwiftConst.swift */; };
		3E6679011A776EA00057DB4E /* TitleView.swift in Sources */ = {isa = PBXBuildFile; fileRef = 3E6678F71A776EA00057DB4E /* TitleView.swift */; };
		3E6679021A776EA00057DB4E /* bomb.aif in Resources */ = {isa = PBXBuildFile; fileRef = 3E6678F91A776EA00057DB4E /* bomb.aif */; };
		3E6679031A776EA00057DB4E /* bomb_end.mp3 in Resources */ = {isa = PBXBuildFile; fileRef = 3E6678FA1A776EA00057DB4E /* bomb_end.mp3 */; };
		3E6679041A776EA00057DB4E /* ic_about_logo@2x.png in Resources */ = {isa = PBXBuildFile; fileRef = 3E6678FB1A776EA00057DB4E /* ic_about_logo@2x.png */; };
		3E6679051A776EA00057DB4E /* ic_return_nor.png in Resources */ = {isa = PBXBuildFile; fileRef = 3E6678FC1A776EA00057DB4E /* ic_return_nor.png */; };
		3E6679061A776EA00057DB4E /* ic_return_sel.png in Resources */ = {isa = PBXBuildFile; fileRef = 3E6678FD1A776EA00057DB4E /* ic_return_sel.png */; };
		3E6679081A78B79E0057DB4E /* default.png in Resources */ = {isa = PBXBuildFile; fileRef = 3E6679071A78B79E0057DB4E /* default.png */; };
		3E6679151A78DCAB0057DB4E /* CustomButton.m in Sources */ = {isa = PBXBuildFile; fileRef = 3E66790F1A78DCAB0057DB4E /* CustomButton.m */; };
		3E6679161A78DCAB0057DB4E /* EmitterView.m in Sources */ = {isa = PBXBuildFile; fileRef = 3E6679111A78DCAB0057DB4E /* EmitterView.m */; };
		3E6679171A78DCAB0057DB4E /* snow1.png in Resources */ = {isa = PBXBuildFile; fileRef = 3E6679121A78DCAB0057DB4E /* snow1.png */; };
		3E6679181A78DCAB0057DB4E /* star1.png in Resources */ = {isa = PBXBuildFile; fileRef = 3E6679131A78DCAB0057DB4E /* star1.png */; };
		3E6679191A78DCAB0057DB4E /* stars2.png in Resources */ = {isa = PBXBuildFile; fileRef = 3E6679141A78DCAB0057DB4E /* stars2.png */; };
		3E6679271A78ED380057DB4E /* 1.png in Resources */ = {isa = PBXBuildFile; fileRef = 3E6679201A78ED380057DB4E /* 1.png */; };
		3E6679281A78ED380057DB4E /* 2.png in Resources */ = {isa = PBXBuildFile; fileRef = 3E6679211A78ED380057DB4E /* 2.png */; };
		3E6679291A78ED380057DB4E /* 3.png in Resources */ = {isa = PBXBuildFile; fileRef = 3E6679221A78ED380057DB4E /* 3.png */; };
		3E66792A1A78ED380057DB4E /* 4.png in Resources */ = {isa = PBXBuildFile; fileRef = 3E6679231A78ED380057DB4E /* 4.png */; };
		3E66792B1A78ED380057DB4E /* 5.png in Resources */ = {isa = PBXBuildFile; fileRef = 3E6679241A78ED380057DB4E /* 5.png */; };
		3E66792C1A78ED380057DB4E /* 6.png in Resources */ = {isa = PBXBuildFile; fileRef = 3E6679251A78ED380057DB4E /* 6.png */; };
		3E66792D1A78ED380057DB4E /* 7.png in Resources */ = {isa = PBXBuildFile; fileRef = 3E6679261A78ED380057DB4E /* 7.png */; };
		3E6679301A78EE070057DB4E /* BombImage.m in Sources */ = {isa = PBXBuildFile; fileRef = 3E66792F1A78EE070057DB4E /* BombImage.m */; };
		3E6679321A78EFF90057DB4E /* endBomb.png in Resources */ = {isa = PBXBuildFile; fileRef = 3E6679311A78EFF90057DB4E /* endBomb.png */; };
		3E6679341A7A00C60057DB4E /* LocationManager.swift in Sources */ = {isa = PBXBuildFile; fileRef = 3E6679331A7A00C60057DB4E /* LocationManager.swift */; };
/* End PBXBuildFile section */

/* Begin PBXContainerItemProxy section */
		3E6678E51A776E700057DB4E /* PBXContainerItemProxy */ = {
			isa = PBXContainerItemProxy;
			containerPortal = 3E6678C71A776E6F0057DB4E /* Project object */;
			proxyType = 1;
			remoteGlobalIDString = 3E6678CE1A776E700057DB4E;
			remoteInfo = BombGame;
		};
/* End PBXContainerItemProxy section */

/* Begin PBXFileReference section */
		3E6678CF1A776E700057DB4E /* BombGame.app */ = {isa = PBXFileReference; explicitFileType = wrapper.application; includeInIndex = 0; path = BombGame.app; sourceTree = BUILT_PRODUCTS_DIR; };
		3E6678D31A776E700057DB4E /* Info.plist */ = {isa = PBXFileReference; lastKnownFileType = text.plist.xml; path = Info.plist; sourceTree = "<group>"; };
		3E6678D41A776E700057DB4E /* AppDelegate.swift */ = {isa = PBXFileReference; lastKnownFileType = sourcecode.swift; path = AppDelegate.swift; sourceTree = "<group>"; };
		3E6678D61A776E700057DB4E /* ViewController.swift */ = {isa = PBXFileReference; lastKnownFileType = sourcecode.swift; path = ViewController.swift; sourceTree = "<group>"; };
		3E6678D91A776E700057DB4E /* Base */ = {isa = PBXFileReference; lastKnownFileType = file.storyboard; name = Base; path = Base.lproj/Main.storyboard; sourceTree = "<group>"; };
		3E6678DB1A776E700057DB4E /* Images.xcassets */ = {isa = PBXFileReference; lastKnownFileType = folder.assetcatalog; path = Images.xcassets; sourceTree = "<group>"; };
		3E6678DE1A776E700057DB4E /* Base */ = {isa = PBXFileReference; lastKnownFileType = file.xib; name = Base; path = Base.lproj/LaunchScreen.xib; sourceTree = "<group>"; };
		3E6678E41A776E700057DB4E /* BombGameTests.xctest */ = {isa = PBXFileReference; explicitFileType = wrapper.cfbundle; includeInIndex = 0; path = BombGameTests.xctest; sourceTree = BUILT_PRODUCTS_DIR; };
		3E6678E91A776E700057DB4E /* Info.plist */ = {isa = PBXFileReference; lastKnownFileType = text.plist.xml; path = Info.plist; sourceTree = "<group>"; };
		3E6678EA1A776E700057DB4E /* BombGameTests.swift */ = {isa = PBXFileReference; lastKnownFileType = sourcecode.swift; path = BombGameTests.swift; sourceTree = "<group>"; };
		3E6678F41A776EA00057DB4E /* BaseViewController.swift */ = {isa = PBXFileReference; fileEncoding = 4; lastKnownFileType = sourcecode.swift; path = BaseViewController.swift; sourceTree = "<group>"; };
		3E6678F51A776EA00057DB4E /* BombViewController.swift */ = {isa = PBXFileReference; fileEncoding = 4; lastKnownFileType = sourcecode.swift; path = BombViewController.swift; sourceTree = "<group>"; };
		3E6678F61A776EA00057DB4E /* CSwiftConst.swift */ = {isa = PBXFileReference; fileEncoding = 4; lastKnownFileType = sourcecode.swift; path = CSwiftConst.swift; sourceTree = "<group>"; };
		3E6678F71A776EA00057DB4E /* TitleView.swift */ = {isa = PBXFileReference; fileEncoding = 4; lastKnownFileType = sourcecode.swift; path = TitleView.swift; sourceTree = "<group>"; };
		3E6678F91A776EA00057DB4E /* bomb.aif */ = {isa = PBXFileReference; lastKnownFileType = file; path = bomb.aif; sourceTree = "<group>"; };
		3E6678FA1A776EA00057DB4E /* bomb_end.mp3 */ = {isa = PBXFileReference; lastKnownFileType = audio.mp3; path = bomb_end.mp3; sourceTree = "<group>"; };
		3E6678FB1A776EA00057DB4E /* ic_about_logo@2x.png */ = {isa = PBXFileReference; lastKnownFileType = image.png; path = "ic_about_logo@2x.png"; sourceTree = "<group>"; };
		3E6678FC1A776EA00057DB4E /* ic_return_nor.png */ = {isa = PBXFileReference; lastKnownFileType = image.png; path = ic_return_nor.png; sourceTree = "<group>"; };
		3E6678FD1A776EA00057DB4E /* ic_return_sel.png */ = {isa = PBXFileReference; lastKnownFileType = image.png; path = ic_return_sel.png; sourceTree = "<group>"; };
		3E6679071A78B79E0057DB4E /* default.png */ = {isa = PBXFileReference; lastKnownFileType = image.png; path = default.png; sourceTree = "<group>"; };
		3E6679091A78D8B80057DB4E /* BombGame-Bridging-Header.h */ = {isa = PBXFileReference; lastKnownFileType = sourcecode.c.h; path = "BombGame-Bridging-Header.h"; sourceTree = "<group>"; };
		3E66790E1A78DCAB0057DB4E /* CustomButton.h */ = {isa = PBXFileReference; fileEncoding = 4; lastKnownFileType = sourcecode.c.h; path = CustomButton.h; sourceTree = "<group>"; };
		3E66790F1A78DCAB0057DB4E /* CustomButton.m */ = {isa = PBXFileReference; fileEncoding = 4; lastKnownFileType = sourcecode.c.objc; path = CustomButton.m; sourceTree = "<group>"; };
		3E6679101A78DCAB0057DB4E /* EmitterView.h */ = {isa = PBXFileReference; fileEncoding = 4; lastKnownFileType = sourcecode.c.h; path = EmitterView.h; sourceTree = "<group>"; };
		3E6679111A78DCAB0057DB4E /* EmitterView.m */ = {isa = PBXFileReference; fileEncoding = 4; lastKnownFileType = sourcecode.c.objc; path = EmitterView.m; sourceTree = "<group>"; };
		3E6679121A78DCAB0057DB4E /* snow1.png */ = {isa = PBXFileReference; lastKnownFileType = image.png; path = snow1.png; sourceTree = "<group>"; };
		3E6679131A78DCAB0057DB4E /* star1.png */ = {isa = PBXFileReference; lastKnownFileType = image.png; path = star1.png; sourceTree = "<group>"; };
		3E6679141A78DCAB0057DB4E /* stars2.png */ = {isa = PBXFileReference; lastKnownFileType = image.png; path = stars2.png; sourceTree = "<group>"; };
		3E6679201A78ED380057DB4E /* 1.png */ = {isa = PBXFileReference; lastKnownFileType = image.png; path = 1.png; sourceTree = "<group>"; };
		3E6679211A78ED380057DB4E /* 2.png */ = {isa = PBXFileReference; lastKnownFileType = image.png; path = 2.png; sourceTree = "<group>"; };
		3E6679221A78ED380057DB4E /* 3.png */ = {isa = PBXFileReference; lastKnownFileType = image.png; path = 3.png; sourceTree = "<group>"; };
		3E6679231A78ED380057DB4E /* 4.png */ = {isa = PBXFileReference; lastKnownFileType = image.png; path = 4.png; sourceTree = "<group>"; };
		3E6679241A78ED380057DB4E /* 5.png */ = {isa = PBXFileReference; lastKnownFileType = image.png; path = 5.png; sourceTree = "<group>"; };
		3E6679251A78ED380057DB4E /* 6.png */ = {isa = PBXFileReference; lastKnownFileType = image.png; path = 6.png; sourceTree = "<group>"; };
		3E6679261A78ED380057DB4E /* 7.png */ = {isa = PBXFileReference; lastKnownFileType = image.png; path = 7.png; sourceTree = "<group>"; };
		3E66792E1A78EE070057DB4E /* BombImage.h */ = {isa = PBXFileReference; fileEncoding = 4; lastKnownFileType = sourcecode.c.h; name = BombImage.h; path = ../../BombImage.h; sourceTree = "<group>"; };
		3E66792F1A78EE070057DB4E /* BombImage.m */ = {isa = PBXFileReference; fileEncoding = 4; lastKnownFileType = sourcecode.c.objc; name = BombImage.m; path = ../../BombImage.m; sourceTree = "<group>"; };
		3E6679311A78EFF90057DB4E /* endBomb.png */ = {isa = PBXFileReference; lastKnownFileType = image.png; path = endBomb.png; sourceTree = "<group>"; };
		3E6679331A7A00C60057DB4E /* LocationManager.swift */ = {isa = PBXFileReference; fileEncoding = 4; lastKnownFileType = sourcecode.swift; path = LocationManager.swift; sourceTree = "<group>"; };
/* End PBXFileReference section */

/* Begin PBXFrameworksBuildPhase section */
		3E6678CC1A776E700057DB4E /* Frameworks */ = {
			isa = PBXFrameworksBuildPhase;
			buildActionMask = 2147483647;
			files = (
			);
			runOnlyForDeploymentPostprocessing = 0;
		};
		3E6678E11A776E700057DB4E /* Frameworks */ = {
			isa = PBXFrameworksBuildPhase;
			buildActionMask = 2147483647;
			files = (
			);
			runOnlyForDeploymentPostprocessing = 0;
		};
/* End PBXFrameworksBuildPhase section */

/* Begin PBXGroup section */
		3E6678C61A776E6F0057DB4E = {
			isa = PBXGroup;
			children = (
				3E6678D11A776E700057DB4E /* BombGame */,
				3E6678E71A776E700057DB4E /* BombGameTests */,
				3E6678D01A776E700057DB4E /* Products */,
			);
			sourceTree = "<group>";
		};
		3E6678D01A776E700057DB4E /* Products */ = {
			isa = PBXGroup;
			children = (
				3E6678CF1A776E700057DB4E /* BombGame.app */,
				3E6678E41A776E700057DB4E /* BombGameTests.xctest */,
			);
			name = Products;
			sourceTree = "<group>";
		};
		3E6678D11A776E700057DB4E /* BombGame */ = {
			isa = PBXGroup;
			children = (
				3E66790D1A78DCAB0057DB4E /* Obj-c */,
				3E6678F41A776EA00057DB4E /* BaseViewController.swift */,
				3E6678F51A776EA00057DB4E /* BombViewController.swift */,
				3E6679331A7A00C60057DB4E /* LocationManager.swift */,
				3E6678F61A776EA00057DB4E /* CSwiftConst.swift */,
				3E6678F71A776EA00057DB4E /* TitleView.swift */,
				3E6678F81A776EA00057DB4E /* Resource */,
				3E6678D41A776E700057DB4E /* AppDelegate.swift */,
				3E6678D61A776E700057DB4E /* ViewController.swift */,
				3E6678D81A776E700057DB4E /* Main.storyboard */,
				3E6678DB1A776E700057DB4E /* Images.xcassets */,
				3E6678DD1A776E700057DB4E /* LaunchScreen.xib */,
				3E6678D21A776E700057DB4E /* Supporting Files */,
				3E6679091A78D8B80057DB4E /* BombGame-Bridging-Header.h */,
			);
			path = BombGame;
			sourceTree = "<group>";
		};
		3E6678D21A776E700057DB4E /* Supporting Files */ = {
			isa = PBXGroup;
			children = (
				3E6678D31A776E700057DB4E /* Info.plist */,
			);
			name = "Supporting Files";
			sourceTree = "<group>";
		};
		3E6678E71A776E700057DB4E /* BombGameTests */ = {
			isa = PBXGroup;
			children = (
				3E6678EA1A776E700057DB4E /* BombGameTests.swift */,
				3E6678E81A776E700057DB4E /* Supporting Files */,
			);
			path = BombGameTests;
			sourceTree = "<group>";
		};
		3E6678E81A776E700057DB4E /* Supporting Files */ = {
			isa = PBXGroup;
			children = (
				3E6678E91A776E700057DB4E /* Info.plist */,
			);
			name = "Supporting Files";
			sourceTree = "<group>";
		};
		3E6678F81A776EA00057DB4E /* Resource */ = {
			isa = PBXGroup;
			children = (
				3E6678F91A776EA00057DB4E /* bomb.aif */,
				3E6678FA1A776EA00057DB4E /* bomb_end.mp3 */,
				3E6679071A78B79E0057DB4E /* default.png */,
				3E6678FB1A776EA00057DB4E /* ic_about_logo@2x.png */,
				3E6678FC1A776EA00057DB4E /* ic_return_nor.png */,
				3E6678FD1A776EA00057DB4E /* ic_return_sel.png */,
			);
			path = Resource;
			sourceTree = "<group>";
		};
		3E66790D1A78DCAB0057DB4E /* Obj-c */ = {
			isa = PBXGroup;
			children = (
				3E66792E1A78EE070057DB4E /* BombImage.h */,
				3E66792F1A78EE070057DB4E /* BombImage.m */,
				3E66790E1A78DCAB0057DB4E /* CustomButton.h */,
				3E66790F1A78DCAB0057DB4E /* CustomButton.m */,
				3E6679101A78DCAB0057DB4E /* EmitterView.h */,
				3E6679111A78DCAB0057DB4E /* EmitterView.m */,
				3E6679121A78DCAB0057DB4E /* snow1.png */,
				3E6679131A78DCAB0057DB4E /* star1.png */,
				3E6679141A78DCAB0057DB4E /* stars2.png */,
				3E6679201A78ED380057DB4E /* 1.png */,
				3E6679211A78ED380057DB4E /* 2.png */,
				3E6679221A78ED380057DB4E /* 3.png */,
				3E6679231A78ED380057DB4E /* 4.png */,
				3E6679241A78ED380057DB4E /* 5.png */,
				3E6679251A78ED380057DB4E /* 6.png */,
				3E6679261A78ED380057DB4E /* 7.png */,
				3E6679311A78EFF90057DB4E /* endBomb.png */,
			);
			path = "Obj-c";
			sourceTree = "<group>";
		};
/* End PBXGroup section */

/* Begin PBXNativeTarget section */
		3E6678CE1A776E700057DB4E /* BombGame */ = {
			isa = PBXNativeTarget;
			buildConfigurationList = 3E6678EE1A776E700057DB4E /* Build configuration list for PBXNativeTarget "BombGame" */;
			buildPhases = (
				3E6678CB1A776E700057DB4E /* Sources */,
				3E6678CC1A776E700057DB4E /* Frameworks */,
				3E6678CD1A776E700057DB4E /* Resources */,
			);
			buildRules = (
			);
			dependencies = (
			);
			name = BombGame;
			productName = BombGame;
			productReference = 3E6678CF1A776E700057DB4E /* BombGame.app */;
			productType = "com.apple.product-type.application";
		};
		3E6678E31A776E700057DB4E /* BombGameTests */ = {
			isa = PBXNativeTarget;
			buildConfigurationList = 3E6678F11A776E700057DB4E /* Build configuration list for PBXNativeTarget "BombGameTests" */;
			buildPhases = (
				3E6678E01A776E700057DB4E /* Sources */,
				3E6678E11A776E700057DB4E /* Frameworks */,
				3E6678E21A776E700057DB4E /* Resources */,
			);
			buildRules = (
			);
			dependencies = (
				3E6678E61A776E700057DB4E /* PBXTargetDependency */,
			);
			name = BombGameTests;
			productName = BombGameTests;
			productReference = 3E6678E41A776E700057DB4E /* BombGameTests.xctest */;
			productType = "com.apple.product-type.bundle.unit-test";
		};
/* End PBXNativeTarget section */

/* Begin PBXProject section */
		3E6678C71A776E6F0057DB4E /* Project object */ = {
			isa = PBXProject;
			attributes = {
				LastUpgradeCheck = 0610;
				ORGANIZATIONNAME = SH;
				TargetAttributes = {
					3E6678CE1A776E700057DB4E = {
						CreatedOnToolsVersion = 6.1.1;
						DevelopmentTeam = PAZX553D3X;
					};
					3E6678E31A776E700057DB4E = {
						CreatedOnToolsVersion = 6.1.1;
						TestTargetID = 3E6678CE1A776E700057DB4E;
					};
				};
			};
			buildConfigurationList = 3E6678CA1A776E6F0057DB4E /* Build configuration list for PBXProject "BombGame" */;
			compatibilityVersion = "Xcode 3.2";
			developmentRegion = English;
			hasScannedForEncodings = 0;
			knownRegions = (
				en,
				Base,
			);
			mainGroup = 3E6678C61A776E6F0057DB4E;
			productRefGroup = 3E6678D01A776E700057DB4E /* Products */;
			projectDirPath = "";
			projectRoot = "";
			targets = (
				3E6678CE1A776E700057DB4E /* BombGame */,
				3E6678E31A776E700057DB4E /* BombGameTests */,
			);
		};
/* End PBXProject section */

/* Begin PBXResourcesBuildPhase section */
		3E6678CD1A776E700057DB4E /* Resources */ = {
			isa = PBXResourcesBuildPhase;
			buildActionMask = 2147483647;
			files = (
				3E6679291A78ED380057DB4E /* 3.png in Resources */,
				3E6679031A776EA00057DB4E /* bomb_end.mp3 in Resources */,
				3E6678DA1A776E700057DB4E /* Main.storyboard in Resources */,
				3E6679281A78ED380057DB4E /* 2.png in Resources */,
				3E6679061A776EA00057DB4E /* ic_return_sel.png in Resources */,
				3E66792B1A78ED380057DB4E /* 5.png in Resources */,
				3E6678DF1A776E700057DB4E /* LaunchScreen.xib in Resources */,
				3E6679181A78DCAB0057DB4E /* star1.png in Resources */,
				3E6679271A78ED380057DB4E /* 1.png in Resources */,
				3E6679041A776EA00057DB4E /* ic_about_logo@2x.png in Resources */,
				3E6679051A776EA00057DB4E /* ic_return_nor.png in Resources */,
				3E6679171A78DCAB0057DB4E /* snow1.png in Resources */,
				3E66792C1A78ED380057DB4E /* 6.png in Resources */,
				3E6679321A78EFF90057DB4E /* endBomb.png in Resources */,
				3E6679191A78DCAB0057DB4E /* stars2.png in Resources */,
				3E66792A1A78ED380057DB4E /* 4.png in Resources */,
				3E6679021A776EA00057DB4E /* bomb.aif in Resources */,
				3E6678DC1A776E700057DB4E /* Images.xcassets in Resources */,
				3E6679081A78B79E0057DB4E /* default.png in Resources */,
				3E66792D1A78ED380057DB4E /* 7.png in Resources */,
			);
			runOnlyForDeploymentPostprocessing = 0;
		};
		3E6678E21A776E700057DB4E /* Resources */ = {
			isa = PBXResourcesBuildPhase;
			buildActionMask = 2147483647;
			files = (
			);
			runOnlyForDeploymentPostprocessing = 0;
		};
/* End PBXResourcesBuildPhase section */

/* Begin PBXSourcesBuildPhase section */
		3E6678CB1A776E700057DB4E /* Sources */ = {
			isa = PBXSourcesBuildPhase;
			buildActionMask = 2147483647;
			files = (
				3E6678D71A776E700057DB4E /* ViewController.swift in Sources */,
				3E6678D51A776E700057DB4E /* AppDelegate.swift in Sources */,
				3E6679341A7A00C60057DB4E /* LocationManager.swift in Sources */,
				3E6679301A78EE070057DB4E /* BombImage.m in Sources */,
				3E6678FF1A776EA00057DB4E /* BombViewController.swift in Sources */,
				3E6679151A78DCAB0057DB4E /* CustomButton.m in Sources */,
				3E6679001A776EA00057DB4E /* CSwiftConst.swift in Sources */,
				3E6679161A78DCAB0057DB4E /* EmitterView.m in Sources */,
				3E6678FE1A776EA00057DB4E /* BaseViewController.swift in Sources */,
				3E6679011A776EA00057DB4E /* TitleView.swift in Sources */,
			);
			runOnlyForDeploymentPostprocessing = 0;
		};
		3E6678E01A776E700057DB4E /* Sources */ = {
			isa = PBXSourcesBuildPhase;
			buildActionMask = 2147483647;
			files = (
				3E6678EB1A776E700057DB4E /* BombGameTests.swift in Sources */,
			);
			runOnlyForDeploymentPostprocessing = 0;
		};
/* End PBXSourcesBuildPhase section */

/* Begin PBXTargetDependency section */
		3E6678E61A776E700057DB4E /* PBXTargetDependency */ = {
			isa = PBXTargetDependency;
			target = 3E6678CE1A776E700057DB4E /* BombGame */;
			targetProxy = 3E6678E51A776E700057DB4E /* PBXContainerItemProxy */;
		};
/* End PBXTargetDependency section */

/* Begin PBXVariantGroup section */
		3E6678D81A776E700057DB4E /* Main.storyboard */ = {
			isa = PBXVariantGroup;
			children = (
				3E6678D91A776E700057DB4E /* Base */,
			);
			name = Main.storyboard;
			sourceTree = "<group>";
		};
		3E6678DD1A776E700057DB4E /* LaunchScreen.xib */ = {
			isa = PBXVariantGroup;
			children = (
				3E6678DE1A776E700057DB4E /* Base */,
			);
			name = LaunchScreen.xib;
			sourceTree = "<group>";
		};
/* End PBXVariantGroup section */

/* Begin XCBuildConfiguration section */
		3E6678EC1A776E700057DB4E /* Debug */ = {
			isa = XCBuildConfiguration;
			buildSettings = {
				ALWAYS_SEARCH_USER_PATHS = NO;
				CLANG_CXX_LANGUAGE_STANDARD = "gnu++0x";
				CLANG_CXX_LIBRARY = "libc++";
				CLANG_ENABLE_MODULES = YES;
				CLANG_ENABLE_OBJC_ARC = YES;
				CLANG_WARN_BOOL_CONVERSION = YES;
				CLANG_WARN_CONSTANT_CONVERSION = YES;
				CLANG_WARN_DIRECT_OBJC_ISA_USAGE = YES_ERROR;
				CLANG_WARN_EMPTY_BODY = YES;
				CLANG_WARN_ENUM_CONVERSION = YES;
				CLANG_WARN_INT_CONVERSION = YES;
				CLANG_WARN_OBJC_ROOT_CLASS = YES_ERROR;
				CLANG_WARN_UNREACHABLE_CODE = YES;
				CLANG_WARN__DUPLICATE_METHOD_MATCH = YES;
				"CODE_SIGN_IDENTITY[sdk=iphoneos*]" = "iPhone Developer";
				COPY_PHASE_STRIP = NO;
				ENABLE_STRICT_OBJC_MSGSEND = YES;
				GCC_C_LANGUAGE_STANDARD = gnu99;
				GCC_DYNAMIC_NO_PIC = NO;
				GCC_OPTIMIZATION_LEVEL = 0;
				GCC_PREPROCESSOR_DEFINITIONS = (
					"DEBUG=1",
					"$(inherited)",
				);
				GCC_SYMBOLS_PRIVATE_EXTERN = NO;
				GCC_WARN_64_TO_32_BIT_CONVERSION = YES;
				GCC_WARN_ABOUT_RETURN_TYPE = YES_ERROR;
				GCC_WARN_UNDECLARED_SELECTOR = YES;
				GCC_WARN_UNINITIALIZED_AUTOS = YES_AGGRESSIVE;
				GCC_WARN_UNUSED_FUNCTION = YES;
				GCC_WARN_UNUSED_VARIABLE = YES;
				IPHONEOS_DEPLOYMENT_TARGET = 8.1;
				MTL_ENABLE_DEBUG_INFO = YES;
				ONLY_ACTIVE_ARCH = YES;
				PRODUCT_NAME = "击鼓传花";
				SDKROOT = iphoneos;
				SWIFT_OPTIMIZATION_LEVEL = "-Onone";
			};
			name = Debug;
		};
		3E6678ED1A776E700057DB4E /* Release */ = {
			isa = XCBuildConfiguration;
			buildSettings = {
				ALWAYS_SEARCH_USER_PATHS = NO;
				CLANG_CXX_LANGUAGE_STANDARD = "gnu++0x";
				CLANG_CXX_LIBRARY = "libc++";
				CLANG_ENABLE_MODULES = YES;
				CLANG_ENABLE_OBJC_ARC = YES;
				CLANG_WARN_BOOL_CONVERSION = YES;
				CLANG_WARN_CONSTANT_CONVERSION = YES;
				CLANG_WARN_DIRECT_OBJC_ISA_USAGE = YES_ERROR;
				CLANG_WARN_EMPTY_BODY = YES;
				CLANG_WARN_ENUM_CONVERSION = YES;
				CLANG_WARN_INT_CONVERSION = YES;
				CLANG_WARN_OBJC_ROOT_CLASS = YES_ERROR;
				CLANG_WARN_UNREACHABLE_CODE = YES;
				CLANG_WARN__DUPLICATE_METHOD_MATCH = YES;
				"CODE_SIGN_IDENTITY[sdk=iphoneos*]" = "iPhone Developer";
				COPY_PHASE_STRIP = YES;
				ENABLE_NS_ASSERTIONS = NO;
				ENABLE_STRICT_OBJC_MSGSEND = YES;
				GCC_C_LANGUAGE_STANDARD = gnu99;
				GCC_WARN_64_TO_32_BIT_CONVERSION = YES;
				GCC_WARN_ABOUT_RETURN_TYPE = YES_ERROR;
				GCC_WARN_UNDECLARED_SELECTOR = YES;
				GCC_WARN_UNINITIALIZED_AUTOS = YES_AGGRESSIVE;
				GCC_WARN_UNUSED_FUNCTION = YES;
				GCC_WARN_UNUSED_VARIABLE = YES;
				IPHONEOS_DEPLOYMENT_TARGET = 8.1;
				MTL_ENABLE_DEBUG_INFO = NO;
				PRODUCT_MODULE_NAME = "$(PRODUCT_NAME:击鼓传花)";
				SDKROOT = iphoneos;
				VALIDATE_PRODUCT = YES;
			};
			name = Release;
		};
		3E6678EF1A776E700057DB4E /* Debug */ = {
			isa = XCBuildConfiguration;
			buildSettings = {
				ASSETCATALOG_COMPILER_APPICON_NAME = AppIcon;
				CLANG_ENABLE_MODULES = YES;
				CODE_SIGN_IDENTITY = "iPhone Developer";
				INFOPLIST_FILE = BombGame/Info.plist;
				LD_RUNPATH_SEARCH_PATHS = "$(inherited) @executable_path/Frameworks";
				PRODUCT_NAME = "$(TARGET_NAME)";
				SWIFT_OBJC_BRIDGING_HEADER = "BombGame/BombGame-Bridging-Header.h";
				SWIFT_OPTIMIZATION_LEVEL = "-Onone";
			};
			name = Debug;
		};
		3E6678F01A776E700057DB4E /* Release */ = {
			isa = XCBuildConfiguration;
			buildSettings = {
				ASSETCATALOG_COMPILER_APPICON_NAME = AppIcon;
				CLANG_ENABLE_MODULES = YES;
				CODE_SIGN_IDENTITY = "iPhone Developer";
				INFOPLIST_FILE = BombGame/Info.plist;
				LD_RUNPATH_SEARCH_PATHS = "$(inherited) @executable_path/Frameworks";
				PRODUCT_NAME = "$(TARGET_NAME)";
				SWIFT_OBJC_BRIDGING_HEADER = "BombGame/BombGame-Bridging-Header.h";
			};
			name = Release;
		};
		3E6678F21A776E700057DB4E /* Debug */ = {
			isa = XCBuildConfiguration;
			buildSettings = {
				BUNDLE_LOADER = "$(TEST_HOST)";
				FRAMEWORK_SEARCH_PATHS = (
					"$(SDKROOT)/Developer/Library/Frameworks",
					"$(inherited)",
				);
				GCC_PREPROCESSOR_DEFINITIONS = (
					"DEBUG=1",
					"$(inherited)",
				);
				INFOPLIST_FILE = BombGameTests/Info.plist;
				LD_RUNPATH_SEARCH_PATHS = "$(inherited) @executable_path/Frameworks @loader_path/Frameworks";
				PRODUCT_NAME = "$(TARGET_NAME)";
				TEST_HOST = "$(BUILT_PRODUCTS_DIR)/BombGame.app/BombGame";
			};
			name = Debug;
		};
		3E6678F31A776E700057DB4E /* Release */ = {
			isa = XCBuildConfiguration;
			buildSettings = {
				BUNDLE_LOADER = "$(TEST_HOST)";
				FRAMEWORK_SEARCH_PATHS = (
					"$(SDKROOT)/Developer/Library/Frameworks",
					"$(inherited)",
				);
				INFOPLIST_FILE = BombGameTests/Info.plist;
				LD_RUNPATH_SEARCH_PATHS = "$(inherited) @executable_path/Frameworks @loader_path/Frameworks";
				PRODUCT_NAME = "$(TARGET_NAME)";
				TEST_HOST = "$(BUILT_PRODUCTS_DIR)/BombGame.app/BombGame";
			};
			name = Release;
		};
/* End XCBuildConfiguration section */

/* Begin XCConfigurationList section */
		3E6678CA1A776E6F0057DB4E /* Build configuration list for PBXProject "BombGame" */ = {
			isa = XCConfigurationList;
			buildConfigurations = (
				3E6678EC1A776E700057DB4E /* Debug */,
				3E6678ED1A776E700057DB4E /* Release */,
			);
			defaultConfigurationIsVisible = 0;
			defaultConfigurationName = Release;
		};
		3E6678EE1A776E700057DB4E /* Build configuration list for PBXNativeTarget "BombGame" */ = {
			isa = XCConfigurationList;
			buildConfigurations = (
				3E6678EF1A776E700057DB4E /* Debug */,
				3E6678F01A776E700057DB4E /* Release */,
			);
			defaultConfigurationIsVisible = 0;
			defaultConfigurationName = Release;
		};
		3E6678F11A776E700057DB4E /* Build configuration list for PBXNativeTarget "BombGameTests" */ = {
			isa = XCConfigurationList;
			buildConfigurations = (
				3E6678F21A776E700057DB4E /* Debug */,
				3E6678F31A776E700057DB4E /* Release */,
			);
			defaultConfigurationIsVisible = 0;
			defaultConfigurationName = Release;
		};
/* End XCConfigurationList section */
	};
	rootObject = 3E6678C71A776E6F0057DB4E /* Project object */;
}
